
Microsoft Visual Studio Solution File, Format Version 12.00
# Visual Studio Version 16
VisualStudioVersion = 16.0.29102.190
MinimumVisualStudioVersion = 10.0.40219.1
Project("{9A19103F-16F7-4668-BE54-9A1E7A4F7556}") = "TagBites.IO.Ftp", "src\TagBites.IO.Ftp\TagBites.IO.Ftp.csproj", "{3198211E-816D-4BAC-BC2D-1A04F488310E}"
EndProject
Global
	GlobalSection(SolutionConfigurationPlatforms) = preSolution
		Debug|Any CPU = Debug|Any CPU
		Release|Any CPU = Release|Any CPU
	EndGlobalSection
	GlobalSection(ProjectConfigurationPlatforms) = postSolution
		{3198211E-816D-4BAC-BC2D-1A04F488310E}.Debug|Any CPU.ActiveCfg = Debug|Any CPU
		{3198211E-816D-4BAC-BC2D-1A04F488310E}.Debug|Any CPU.Build.0 = Debug|Any CPU
		{3198211E-816D-4BAC-BC2D-1A04F488310E}.Release|Any CPU.ActiveCfg = Release|Any CPU
		{3198211E-816D-4BAC-BC2D-1A04F488310E}.Release|Any CPU.Build.0 = Release|Any CPU
	EndGlobalSection
	GlobalSection(SolutionProperties) = preSolution
		HideSolutionNode = FALSE
	EndGlobalSection
	GlobalSection(ExtensibilityGlobals) = postSolution
		SolutionGuid = {3378C9B1-D634-4065-8A2F-CAA22426951B}
	EndGlobalSection
EndGlobal
